
Microsoft Visual Studio Solution File, Format Version 12.00
# Visual Studio Version 17
VisualStudioVersion = 17.6.33829.357
MinimumVisualStudioVersion = 10.0.40219.1
Project("{9A19103F-16F7-4668-BE54-9A1E7A4F7556}") = "CatShopWithC#", "C#(HomeWork4(CatShop))\CatShopWithC#.csproj", "{47C067E5-9F93-4B62-B6E2-6CA49D0E43D0}"
EndProject
Global
	GlobalSection(SolutionConfigurationPlatforms) = preSolution
		Debug|Any CPU = Debug|Any CPU
		Release|Any CPU = Release|Any CPU
	EndGlobalSection
	GlobalSection(ProjectConfigurationPlatforms) = postSolution
		{47C067E5-9F93-4B62-B6E2-6CA49D0E43D0}.Debug|Any CPU.ActiveCfg = Debug|Any CPU
		{47C067E5-9F93-4B62-B6E2-6CA49D0E43D0}.Debug|Any CPU.Build.0 = Debug|Any CPU
		{47C067E5-9F93-4B62-B6E2-6CA49D0E43D0}.Release|Any CPU.ActiveCfg = Release|Any CPU
		{47C067E5-9F93-4B62-B6E2-6CA49D0E43D0}.Release|Any CPU.Build.0 = Release|Any CPU
	EndGlobalSection
	GlobalSection(SolutionProperties) = preSolution
		HideSolutionNode = FALSE
	EndGlobalSection
	GlobalSection(ExtensibilityGlobals) = postSolution
		SolutionGuid = {FE87B4B2-2D2A-4254-82F8-7078765F06A3}
	EndGlobalSection
EndGlobal
